# THIS IS AN AUTOGENERATED FILE. DO NOT EDIT THIS FILE DIRECTLY.
# yarn lockfile v1


"@inquirer/ansi@^2.0.9":
  version "2.0.9"
  resolved "https://registry.yarnpkg.com/@inquirer/ansi/-/ansi-2.0.9.tgz#eab42401397dae36e760ac08a6b8774994194d83"
  integrity sha512-0Ywt3S8tqM6TWUcsRlBFQ1x+X3/o8kktX0ZiKAnByYb9GFDknnOhse1PVtfiD2BXPI8ar+BWx9PV9R0lQIcygw==

"@inquirer/checkbox@^5.2.6":
  version "5.2.6"
  resolved "https://registry.yarnpkg.com/@inquirer/checkbox/-/checkbox-5.2.6.tgz#d8462d4f21c3de0ff487e278ca02899d50359630"
  integrity sha512-XkOardciF3tow2NUlY6/Qjk1QqYa+6WpmVLTpxXl97Uv4erczDEZ+xg1j6LqBf0ekcRSUiICQA4nQXHHkVKQ9w==
  dependencies:
    "@inquirer/ansi" "^2.0.9"
    "@inquirer/core" "^12.0.4"
    "@inquirer/figures" "^2.0.9"
    "@inquirer/type" "4.2.0"

"@inquirer/confirm@^6.3.3":
  version "6.3.3"
  resolved "https://registry.yarnpkg.com/@inquirer/confirm/-/confirm-6.3.3.tgz#95397513769802cfc377a5f90936a105c34da83b"
  integrity sha512-ImOBgpl/sJTFp8naeSkNu4S0Sf8F8pxv3/CUx+LoBAdQvCVqFz6rSB2A/oZYsJge3+yphbEDxEkfaRNYq1OU0A==
  dependencies:
    "@inquirer/core" "^12.0.4"
    "@inquirer/type" "4.2.0"

"@inquirer/core@^12.0.4":
  version "12.0.4"
  resolved "https://registry.yarnpkg.com/@inquirer/core/-/core-12.0.4.tgz#ef34d27faf6c31b95dbd5a2687df456f30f0e4e9"
  integrity sha512-M5fB67y7jPObI45vhD82RskWwCSm0scOvenV/I6K8tIi2gfr9DXqQqJ+iw+Wi6SgapikdOiJibYzz1gW47fsDg==
  dependencies:
    "@inquirer/ansi" "^2.0.9"
    "@inquirer/figures" "^2.0.9"
    "@inquirer/type" "4.2.0"
    cli-width "^4.1.0"
    fast-wrap-ansi "^0.2.0"
    mute-stream "^3.0.0"
    signal-exit "^4.1.0"

"@inquirer/editor@^5.3.4":
  version "5.3.4"
  resolved "https://registry.yarnpkg.com/@inquirer/editor/-/editor-5.3.4.tgz#1c3df4db508f75d7081be13cf70a14fd388d8c0b"
  integrity sha512-imzxQDfw26NpcJAubMj/dE5RjU9Mp80IcT+FzsD6YoxXmL8L1QYnAFdCNv7ccGWh//73+0YP+1kfhwnExdl2VQ==
  dependencies:
    "@inquirer/core" "^12.0.4"
    "@inquirer/external-editor" "^3.0.6"
    "@inquirer/type" "4.2.0"

"@inquirer/expand@^5.1.6":
  version "5.1.6"
  resolved "https://registry.yarnpkg.com/@inquirer/expand/-/expand-5.1.6.tgz#21fbc35fb81e2413bfd6d2168d35cea6aaa87beb"
  integrity sha512-JfiLKi7qGuHmcQO/DqR10UFEp054Y1FXZaszP5ZEfHhgHeuFoT5nNFQIXFhed/5/p07SbsV2tIJFwG/dg5+NmQ==
  dependencies:
    "@inquirer/core" "^12.0.4"
    "@inquirer/type" "4.2.0"

"@inquirer/external-editor@^3.0.6":
  version "3.0.6"
  resolved "https://registry.yarnpkg.com/@inquirer/external-editor/-/external-editor-3.0.6.tgz#f7b8a7034613a95768f8cba302f6e42e291fa94f"
  integrity sha512-rWmw6WG8JZ7LMn/srXEylYGhL6EXXJeROE7/4x4GREh6NgzqJBDbIgpNGsYoLPfobeb4VZtEYzPGnT5EFNYhiQ==
  dependencies:
    chardet "^2.1.1"
    iconv-lite "^0.7.2"

"@inquirer/figures@^2.0.9":
  version "2.0.9"
  resolved "https://registry.yarnpkg.com/@inquirer/figures/-/figures-2.0.9.tgz#8c04fdba3a78af0e57c0b3127cbd319ce604b1c1"
  integrity sha512-EAWgUTGQ/Umgga51dE3B2PUHbufuXarDfg86uVgoSgNHNNQnyFKcOrQLWVqYMghuSyHh8+2HUH0Js9cTC1WAdg==

"@inquirer/input@^5.1.7":
  version "5.1.7"
  resolved "https://registry.yarnpkg.com/@inquirer/input/-/input-5.1.7.tgz#004258671416fecdc507a0d369672595bdd48a2e"
  integrity sha512-Icrs9tuMBCxGI+lFYNO71VFOnqGO8IIrLIGqnTGh07X8jZ2la9QLAYxXcikHZQjjVhIZUtU2xyH89DVN/pPhVg==
  dependencies:
    "@inquirer/core" "^12.0.4"
    "@inquirer/type" "4.2.0"

"@inquirer/number@^4.2.4":
  version "4.2.4"
  resolved "https://registry.yarnpkg.com/@inquirer/number/-/number-4.2.4.tgz#24723de9046f53c4120f7a486e7c551cfcfa257a"
  integrity sha512-C6g80U4U2+w2Vxa1CB0MN3a2WnQIfzLSUG0lduO3Au9GsirJsKATZkOwZPK+vZ1BlAlz+/Z5ParfQCS9E0svmg==
  dependencies:
    "@inquirer/core" "^12.0.4"
    "@inquirer/type" "4.2.0"

"@inquirer/password@^5.2.3":
  version "5.2.3"
  resolved "https://registry.yarnpkg.com/@inquirer/password/-/password-5.2.3.tgz#cbe39dfbff0e2714f100f0b87a726fb5e9130404"
  integrity sha512-1Uo2qfI2K3wXbfunMpvwAzoZPIUf5iEETwDGqRVbswoorXGqYQJ/bfIJFeLj+pxjq+e2UFPNOmx+fsIl4Urigw==
  dependencies:
    "@inquirer/ansi" "^2.0.9"
    "@inquirer/core" "^12.0.4"
    "@inquirer/type" "4.2.0"

"@inquirer/prompts@^8.7.3":
  version "8.7.3"
  resolved "https://registry.yarnpkg.com/@inquirer/prompts/-/prompts-8.7.3.tgz#6ce4983574b86000558555d78fd475efd1546d66"
  integrity sha512-DHK20kO+H5k/XcJQpHQUpVQbMYHHhZchlGWhZVMUV4WIuRuBW5744hipOtriE1vMqPLgnIyXFMHWKkIbTepa4Q==
  dependencies:
    "@inquirer/checkbox" "^5.2.6"
    "@inquirer/confirm" "^6.3.3"
    "@inquirer/editor" "^5.3.4"
    "@inquirer/expand" "^5.1.6"
    "@inquirer/input" "^5.1.7"
    "@inquirer/number" "^4.2.4"
    "@inquirer/password" "^5.2.3"
    "@inquirer/rawlist" "^5.3.6"
    "@inquirer/search" "^4.3.4"
    "@inquirer/select" "^5.2.6"

"@inquirer/rawlist@^5.3.6":
  version "5.3.6"
  resolved "https://registry.yarnpkg.com/@inquirer/rawlist/-/rawlist-5.3.6.tgz#76fb7efe84715c876c0cf0904122947e6e330e0c"
  integrity sha512-2exExhQ5xTBqfN/rRlZkvM1Gm3b0eiLcWe2NqxWxe7qYmnU4M3j/n9TwzfPUb+Q7dAAz9TmBtDWWdF3jbp4ZLA==
  dependencies:
    "@inquirer/core" "^12.0.4"
    "@inquirer/type" "4.2.0"

"@inquirer/search@^4.3.4":
  version "4.3.4"
  resolved "https://registry.yarnpkg.com/@inquirer/search/-/search-4.3.4.tgz#318ec97abb31fcd78901a553daab0d52b714153d"
  integrity sha512-xsk0UeFP04jsbEeFMzghjUaH2aHXyt+WykSajQzq/8qyBNHsgGYHea/sFwv5T08kW7Sp+KDX8aF124zPUIs1Ww==
  dependencies:
    "@inquirer/core" "^12.0.4"
    "@inquirer/figures" "^2.0.9"
    "@inquirer/type" "4.2.0"

"@inquirer/select@^5.2.6":
  version "5.2.6"
  resolved "https://registry.yarnpkg.com/@inquirer/select/-/select-5.2.6.tgz#50b9adda69a9f49676fd64d267f6b332db98d6a2"
  integrity sha512-jFu7CFghlr0vpi/326a4wz6BGkJH9X3H/iIu+ahyV2Ja52ktqQE3fC9BYP47JKeSPQYGUv5xquE2Vp9PbepZ3g==
  dependencies:
    "@inquirer/ansi" "^2.0.9"
    "@inquirer/core" "^12.0.4"
    "@inquirer/figures" "^2.0.9"
    "@inquirer/type" "4.2.0"

"@inquirer/type@4.2.0":
  version "4.2.0"
  resolved "https://registry.yarnpkg.com/@inquirer/type/-/type-4.2.0.tgz#e7cdfa8f663b263c7d7b392f85d40413a028cb9a"
  integrity sha512-2rnHX8RPo4glJYqnFc/v3nQeIhDcjyRRyaT7MGcfL/8xv/8K03SXYoA2tX06WVSKywWOE/ncbG3dtuzLjR5TCQ==

chardet@^2.1.1:
  version "2.2.0"
  resolved "https://registry.yarnpkg.com/chardet/-/chardet-2.2.0.tgz#005d664f2cbd4961888d2e2c32c5a69e59d8eec4"
  integrity sha512-rddelWYNPRrXq6PtNEN2S3f6t9ILzvqaN5pVgi4kqt9jHQaXIial9PznB5iSPVlQSLNaaH22ItWz3EJtQ10+OA==

cli-width@^4.1.0:
  version "4.1.0"
  resolved "https://registry.yarnpkg.com/cli-width/-/cli-width-4.1.0.tgz#42daac41d3c254ef38ad8ac037672130173691c5"
  integrity sha512-ouuZd4/dm2Sw5Gmqy6bGyNNNe1qt9RpmxveLSO7KcgsTnU7RXfsw+/bukWGo1abgBiMAic068rclZsO4IWmmxQ==

fast-string-truncated-width@^3.0.2:
  version "3.0.3"
  resolved "https://registry.yarnpkg.com/fast-string-truncated-width/-/fast-string-truncated-width-3.0.3.tgz#23afe0da67d752ca0727538f1e6967759728ce49"
  integrity sha512-0jjjIEL6+0jag3l2XWWizO64/aZVtpiGE3t0Zgqxv0DPuxiMjvB3M24fCyhZUO4KomJQPj3LTSUnDP3GpdwC0g==

fast-string-width@^3.0.2:
  version "3.0.2"
  resolved "https://registry.yarnpkg.com/fast-string-width/-/fast-string-width-3.0.2.tgz#16dbabb491ce5585b5ecb675b65c165d71688eeb"
  integrity sha512-gX8LrtNEI5hq8DVUfRQMbr5lpaS4nMIWV+7XEbXk2b8kiQIizgnlr12B4dA3ZEx3308ze0O4Q1R+cHts8kyUJg==
  dependencies:
    fast-string-truncated-width "^3.0.2"

fast-wrap-ansi@^0.2.0:
  version "0.2.2"
  resolved "https://registry.yarnpkg.com/fast-wrap-ansi/-/fast-wrap-ansi-0.2.2.tgz#95e952a0145bce3f59ad56e179f84c48d4072935"
  integrity sha512-7F2Fl+TjRSenLqlU3UjSH0iyqopqoZIu7eZVpEirP2g1GtWa2G/ecEmBdgz31+Mxr+ELclgg6sokpSFIQiZ02Q==
  dependencies:
    fast-string-width "^3.0.2"

iconv-lite@^0.7.2:
  version "0.7.3"
  resolved "https://registry.yarnpkg.com/iconv-lite/-/iconv-lite-0.7.3.tgz#84ee12f963e7de50bc01a13e160a078b3b0f415f"
  integrity sha512-IKXpvIzjnC9XTAUbVBcMfGS0EPaIXtW6v+zr+RRp+hqULEpo0owZax6wyRwPOJbWbzjYspQwusTsfVr0ifh4uQ==
  dependencies:
    safer-buffer ">= 2.1.2 < 3.0.0"

inquirer@14.2.3:
  version "14.2.3"
  resolved "https://registry.yarnpkg.com/inquirer/-/inquirer-14.2.3.tgz#660892e2d5c833870db8cf414a21dfcf6c28038f"
  integrity sha512-eKUcE0H/iewXjEPNvIDXYp6xcgFPyUdk3My/HWQgL8WF7jLCJEdQUsQ+5WvXQs8Fj4iH3mJCzLX1JbsoJSliUw==
  dependencies:
    "@inquirer/ansi" "^2.0.9"
    "@inquirer/core" "^12.0.4"
    "@inquirer/prompts" "^8.7.3"
    "@inquirer/type" "4.2.0"
    mute-stream "^3.0.0"
    run-async "^4.0.6"

mute-stream@^3.0.0:
  version "3.0.0"
  resolved "https://registry.yarnpkg.com/mute-stream/-/mute-stream-3.0.0.tgz#cd8014dd2acb72e1e91bb67c74f0019e620ba2d1"
  integrity sha512-dkEJPVvun4FryqBmZ5KhDo0K9iDXAwn08tMLDinNdRBNPcYEDiWYysLcc6k3mjTMlbP9KyylvRpd4wFtwrT9rw==

run-async@^4.0.6:
  version "4.0.6"
  resolved "https://registry.yarnpkg.com/run-async/-/run-async-4.0.6.tgz#d53b86acb71f42650fe23de2b3c1b6b6b34b9294"
  integrity sha512-IoDlSLTs3Yq593mb3ZoKWKXMNu3UpObxhgA/Xuid5p4bbfi2jdY1Hj0m1K+0/tEuQTxIGMhQDqGjKb7RuxGpAQ==

"safer-buffer@>= 2.1.2 < 3.0.0":
  version "2.1.2"
  resolved "https://registry.yarnpkg.com/safer-buffer/-/safer-buffer-2.1.2.tgz#44fa161b0187b9549dd84bb91802f9bd8385cd6a"
  integrity sha512-YZo3K82SD7Riyi0E1EQPojLz7kpepnSQI9IyPbHHg1XXXevb5dJI7tpyN2ADxGcQbHG7vcyRHk0cbwqcQriUtg==

signal-exit@^4.1.0:
  version "4.1.0"
  resolved "https://registry.yarnpkg.com/signal-exit/-/signal-exit-4.1.0.tgz#952188c1cbd546070e2dd20d0f41c0ae0530cb04"
  integrity sha512-bzyZ1e88w9O1iNJbKnOlvYTrWPDl46O1bG0D3XInv+9tkPrxrN8jUUTiFlDkkmKWgn1M6CfIA13SuGqOa9Korw==
